<?xml version="1.0" encoding="utf-8"?>
<Project ToolsVersion="4.0" xmlns="http://schemas.microsoft.com/developer/msbuild/2003">
  <ItemGroup>
    <Filter Include="Source Files">
      <UniqueIdentifier>{4FC737F1-C7A5-4376-A066-2A32D752A2FF}</UniqueIdentifier>
      <Extensions>cpp;c;cc;cxx;def;odl;idl;hpj;bat;asm;asmx</Extensions>
    </Filter>
    <Filter Include="Header Files">
      <UniqueIdentifier>{93995380-89BD-4b04-88EB-625FBE52EBFB}</UniqueIdentifier>
      <Extensions>h;hh;hpp;hxx;hm;inl;inc;xsd</Extensions>
    </Filter>
    <Filter Include="Resource Files">
      <UniqueIdentifier>{67DA6AB6-F800-4c08-8B7A-83BB121AAD01}</UniqueIdentifier>
      <Extensions>rc;ico;cur;bmp;dlg;rc2;rct;bin;rgs;gif;jpg;jpeg;jpe;resx;tiff;tif;png;wav</Extensions>
    </Filter>
    <Filter Include="Header Files\tests">
      <UniqueIdentifier>{bf4e7b67-876b-479c-828f-75feb4fa9033}</UniqueIdentifier>
    </Filter>
    <Filter Include="Source Files\tests">
      <UniqueIdentifier>{4eaf3961-6712-4c4e-bc58-e720903a7815}</UniqueIdentifier>
    </Filter>
  </ItemGroup>
  <ItemGroup>
    <ClInclude Include="src\util.h">
      <Filter>Header Files</Filter>
    </ClInclude>
    <ClInclude Include="src\transferredLoadExt.h">
      <Filter>Header Files</Filter>
    </ClInclude>
    <ClInclude Include="src\symbolsTable.h">
      <Filter>Header Files</Filter>
    </ClInclude>
    <ClInclude Include="src\scenarioDetails.h">
      <Filter>Header Files</Filter>
    </ClInclude>
    <ClInclude Include="src\scenario.h">
      <Filter>Header Files</Filter>
    </ClInclude>
    <ClInclude Include="src\rowAbilityExt.h">
      <Filter>Header Files</Filter>
    </ClInclude>
    <ClInclude Include="src\mathRelated.h">
      <Filter>Header Files</Filter>
    </ClInclude>
    <ClInclude Include="src\entity.h">
      <Filter>Header Files</Filter>
    </ClInclude>
    <ClInclude Include="src\entitiesManager.h">
      <Filter>Header Files</Filter>
    </ClInclude>
    <ClInclude Include="src\durationExt.h">
      <Filter>Header Files</Filter>
    </ClInclude>
    <ClInclude Include="src\configParser.h">
      <Filter>Header Files</Filter>
    </ClInclude>
    <ClInclude Include="src\configConstraint.h">
      <Filter>Header Files</Filter>
    </ClInclude>
    <ClInclude Include="src\absSolution.h">
      <Filter>Header Files</Filter>
    </ClInclude>
    <ClInclude Include="src\absEntity.h">
      <Filter>Header Files</Filter>
    </ClInclude>
    <ClInclude Include="src\absConfigConstraint.h">
      <Filter>Header Files</Filter>
    </ClInclude>
    <ClInclude Include="test\configConstraint.hpp">
      <Filter>Header Files\tests</Filter>
    </ClInclude>
    <ClInclude Include="test\configParser.hpp">
      <Filter>Header Files\tests</Filter>
    </ClInclude>
    <ClInclude Include="test\entitiesManager.hpp">
      <Filter>Header Files\tests</Filter>
    </ClInclude>
    <ClInclude Include="test\entity.hpp">
      <Filter>Header Files\tests</Filter>
    </ClInclude>
    <ClInclude Include="test\scenario.hpp">
      <Filter>Header Files\tests</Filter>
    </ClInclude>
    <ClInclude Include="test\solver.hpp">
      <Filter>Header Files\tests</Filter>
    </ClInclude>
    <ClInclude Include="src\configParserDetail.hpp">
      <Filter>Header Files</Filter>
    </ClInclude>
    <ClInclude Include="src\solverDetail.hpp">
      <Filter>Header Files</Filter>
    </ClInclude>
    <ClInclude Include="src\warnings.h">
      <Filter>Header Files</Filter>
    </ClInclude>
    <ClInclude Include="src\precompiled.h">
      <Filter>Header Files</Filter>
    </ClInclude>
    <ClInclude Include="src\nanConcerns.h">
      <Filter>Header Files</Filter>
    </ClInclude>
  </ItemGroup>
  <ItemGroup>
    <ClCompile Include="src\configConstraint.cpp">
      <Filter>Source Files</Filter>
    </ClCompile>
    <ClCompile Include="src\configParser.cpp">
      <Filter>Source Files</Filter>
    </ClCompile>
    <ClCompile Include="src\durationExt.cpp">
      <Filter>Source Files</Filter>
    </ClCompile>
    <ClCompile Include="src\entitiesManager.cpp">
      <Filter>Source Files</Filter>
    </ClCompile>
    <ClCompile Include="src\entity.cpp">
      <Filter>Source Files</Filter>
    </ClCompile>
    <ClCompile Include="src\rowAbilityExt.cpp">
      <Filter>Source Files</Filter>
    </ClCompile>
    <ClCompile Include="src\scenario.cpp">
      <Filter>Source Files</Filter>
    </ClCompile>
    <ClCompile Include="src\solver.cpp">
      <Filter>Source Files</Filter>
    </ClCompile>
    <ClCompile Include="src\transferredLoadExt.cpp">
      <Filter>Source Files</Filter>
    </ClCompile>
    <ClCompile Include="test\testMain.cpp">
      <Filter>Source Files\tests</Filter>
    </ClCompile>
    <ClCompile Include="src\util.cpp">
      <Filter>Source Files</Filter>
    </ClCompile>
    <ClCompile Include="src\precompiledHeaderGenerator.cpp">
      <Filter>Source Files</Filter>
    </ClCompile>
  </ItemGroup>
  <ItemGroup>
    <None Include="RiverCrossing.licenseheader" />
  </ItemGroup>
  <ItemGroup>
    <Natvis Include="GSL.natvis" />
  </ItemGroup>
</Project>